
Microsoft Visual Studio Solution File, Format Version 12.00
# Visual Studio Version 17
VisualStudioVersion = 17.2.32630.192
MinimumVisualStudioVersion = 10.0.40219.1
Project("{FAE04EC0-301F-11D3-BF4B-00C04F79EFBC}") = "RazorPagesMovie", "RazorPagesMovie\RazorPagesMovie.csproj", "{E56111A4-EDB4-40B5-BEBF-FCBB03B34CF0}"
EndProject
Global
	GlobalSection(SolutionConfigurationPlatforms) = preSolution
		Debug|Any CPU = Debug|Any CPU
		Release|Any CPU = Release|Any CPU
	EndGlobalSection
	GlobalSection(ProjectConfigurationPlatforms) = postSolution
		{E56111A4-EDB4-40B5-BEBF-FCBB03B34CF0}.Debug|Any CPU.ActiveCfg = Debug|Any CPU
		{E56111A4-EDB4-40B5-BEBF-FCBB03B34CF0}.Debug|Any CPU.Build.0 = Debug|Any CPU
		{E56111A4-EDB4-40B5-BEBF-FCBB03B34CF0}.Release|Any CPU.ActiveCfg = Release|Any CPU
		{E56111A4-EDB4-40B5-BEBF-FCBB03B34CF0}.Release|Any CPU.Build.0 = Release|Any CPU
	EndGlobalSection
	GlobalSection(SolutionProperties) = preSolution
		HideSolutionNode = FALSE
	EndGlobalSection
	GlobalSection(ExtensibilityGlobals) = postSolution
		SolutionGuid = {7DE687BB-1B12-41A6-B1C2-EF2B7C05DF87}
	EndGlobalSection
EndGlobal
