
Microsoft Visual Studio Solution File, Format Version 12.00
# Visual Studio Version 17
VisualStudioVersion = 17.4.33103.184
MinimumVisualStudioVersion = 10.0.40219.1
Project("{FAE04EC0-301F-11D3-BF4B-00C04F79EFBC}") = "MvcMovie", "MvcMovie\MvcMovie.csproj", "{7447FABF-7F42-4252-8CB5-6E9FDFBAABAB}"
EndProject
Global
	GlobalSection(SolutionConfigurationPlatforms) = preSolution
		Debug|Any CPU = Debug|Any CPU
		Release|Any CPU = Release|Any CPU
	EndGlobalSection
	GlobalSection(ProjectConfigurationPlatforms) = postSolution
		{7447FABF-7F42-4252-8CB5-6E9FDFBAABAB}.Debug|Any CPU.ActiveCfg = Debug|Any CPU
		{7447FABF-7F42-4252-8CB5-6E9FDFBAABAB}.Debug|Any CPU.Build.0 = Debug|Any CPU
		{7447FABF-7F42-4252-8CB5-6E9FDFBAABAB}.Release|Any CPU.ActiveCfg = Release|Any CPU
		{7447FABF-7F42-4252-8CB5-6E9FDFBAABAB}.Release|Any CPU.Build.0 = Release|Any CPU
	EndGlobalSection
	GlobalSection(SolutionProperties) = preSolution
		HideSolutionNode = FALSE
	EndGlobalSection
	GlobalSection(ExtensibilityGlobals) = postSolution
		SolutionGuid = {1A826D41-771A-4806-BA8F-A003C25446CA}
	EndGlobalSection
EndGlobal
