
Microsoft Visual Studio Solution File, Format Version 12.00
# Visual Studio Version 17
VisualStudioVersion = 17.2.32526.322
MinimumVisualStudioVersion = 10.0.40219.1
Project("{9A19103F-16F7-4668-BE54-9A1E7A4F7556}") = "BulkyBookWeb", "BulkyBookWeb\BulkyBookWeb.csproj", "{2FE77A65-8F68-40B0-A7EB-CC67477626D4}"
EndProject
Project("{FAE04EC0-301F-11D3-BF4B-00C04F79EFBC}") = "BulkyBook.DataAccess", "BulkyBook.DataAccess\BulkyBook.DataAccess.csproj", "{67C4E5A4-02FB-4E0D-BACE-F0CD9D352304}"
EndProject
Project("{FAE04EC0-301F-11D3-BF4B-00C04F79EFBC}") = "BulkyBook.Models", "BulkyBook.Models\BulkyBook.Models.csproj", "{713362BA-F8D1-4C28-A6E0-18FCDCFC9A8C}"
EndProject
Project("{FAE04EC0-301F-11D3-BF4B-00C04F79EFBC}") = "BulkyBook.Utility", "BulkyBook.Utility\BulkyBook.Utility.csproj", "{2B2E4E12-9DA1-431E-B4A4-180CB503D973}"
EndProject
Global
	GlobalSection(SolutionConfigurationPlatforms) = preSolution
		Debug|Any CPU = Debug|Any CPU
		Release|Any CPU = Release|Any CPU
	EndGlobalSection
	GlobalSection(ProjectConfigurationPlatforms) = postSolution
		{2FE77A65-8F68-40B0-A7EB-CC67477626D4}.Debug|Any CPU.ActiveCfg = Debug|Any CPU
		{2FE77A65-8F68-40B0-A7EB-CC67477626D4}.Debug|Any CPU.Build.0 = Debug|Any CPU
		{2FE77A65-8F68-40B0-A7EB-CC67477626D4}.Release|Any CPU.ActiveCfg = Release|Any CPU
		{2FE77A65-8F68-40B0-A7EB-CC67477626D4}.Release|Any CPU.Build.0 = Release|Any CPU
		{67C4E5A4-02FB-4E0D-BACE-F0CD9D352304}.Debug|Any CPU.ActiveCfg = Debug|Any CPU
		{67C4E5A4-02FB-4E0D-BACE-F0CD9D352304}.Debug|Any CPU.Build.0 = Debug|Any CPU
		{67C4E5A4-02FB-4E0D-BACE-F0CD9D352304}.Release|Any CPU.ActiveCfg = Release|Any CPU
		{67C4E5A4-02FB-4E0D-BACE-F0CD9D352304}.Release|Any CPU.Build.0 = Release|Any CPU
		{713362BA-F8D1-4C28-A6E0-18FCDCFC9A8C}.Debug|Any CPU.ActiveCfg = Debug|Any CPU
		{713362BA-F8D1-4C28-A6E0-18FCDCFC9A8C}.Debug|Any CPU.Build.0 = Debug|Any CPU
		{713362BA-F8D1-4C28-A6E0-18FCDCFC9A8C}.Release|Any CPU.ActiveCfg = Release|Any CPU
		{713362BA-F8D1-4C28-A6E0-18FCDCFC9A8C}.Release|Any CPU.Build.0 = Release|Any CPU
		{2B2E4E12-9DA1-431E-B4A4-180CB503D973}.Debug|Any CPU.ActiveCfg = Debug|Any CPU
		{2B2E4E12-9DA1-431E-B4A4-180CB503D973}.Debug|Any CPU.Build.0 = Debug|Any CPU
		{2B2E4E12-9DA1-431E-B4A4-180CB503D973}.Release|Any CPU.ActiveCfg = Release|Any CPU
		{2B2E4E12-9DA1-431E-B4A4-180CB503D973}.Release|Any CPU.Build.0 = Release|Any CPU
	EndGlobalSection
	GlobalSection(SolutionProperties) = preSolution
		HideSolutionNode = FALSE
	EndGlobalSection
	GlobalSection(ExtensibilityGlobals) = postSolution
		SolutionGuid = {8EEA20E4-11F5-4702-B3D5-4F019826C8F2}
	EndGlobalSection
EndGlobal
