
Microsoft Visual Studio Solution File, Format Version 12.00
# Visual Studio Version 17
VisualStudioVersion = 17.4.33103.184
MinimumVisualStudioVersion = 10.0.40219.1
Project("{FAE04EC0-301F-11D3-BF4B-00C04F79EFBC}") = "BlazorApp1", "BlazorApp1\BlazorApp1.csproj", "{5BE84077-4D81-4E30-BB9E-644E99440E23}"
EndProject
Global
	GlobalSection(SolutionConfigurationPlatforms) = preSolution
		Debug|Any CPU = Debug|Any CPU
		Release|Any CPU = Release|Any CPU
	EndGlobalSection
	GlobalSection(ProjectConfigurationPlatforms) = postSolution
		{5BE84077-4D81-4E30-BB9E-644E99440E23}.Debug|Any CPU.ActiveCfg = Debug|Any CPU
		{5BE84077-4D81-4E30-BB9E-644E99440E23}.Debug|Any CPU.Build.0 = Debug|Any CPU
		{5BE84077-4D81-4E30-BB9E-644E99440E23}.Release|Any CPU.ActiveCfg = Release|Any CPU
		{5BE84077-4D81-4E30-BB9E-644E99440E23}.Release|Any CPU.Build.0 = Release|Any CPU
	EndGlobalSection
	GlobalSection(SolutionProperties) = preSolution
		HideSolutionNode = FALSE
	EndGlobalSection
	GlobalSection(ExtensibilityGlobals) = postSolution
		SolutionGuid = {D8F14177-A9D4-45B3-9A9C-202EDE15AED7}
	EndGlobalSection
EndGlobal
