
Microsoft Visual Studio Solution File, Format Version 12.00
# Visual Studio Version 17
VisualStudioVersion = 17.2.32526.322
MinimumVisualStudioVersion = 10.0.40219.1
Project("{FAE04EC0-301F-11D3-BF4B-00C04F79EFBC}") = "Jokes", "Jokes.csproj", "{A57BB826-0517-4290-A4DA-2382772B3087}"
EndProject
Global
	GlobalSection(SolutionConfigurationPlatforms) = preSolution
		Debug|Any CPU = Debug|Any CPU
		Release|Any CPU = Release|Any CPU
	EndGlobalSection
	GlobalSection(ProjectConfigurationPlatforms) = postSolution
		{A57BB826-0517-4290-A4DA-2382772B3087}.Debug|Any CPU.ActiveCfg = Debug|Any CPU
		{A57BB826-0517-4290-A4DA-2382772B3087}.Debug|Any CPU.Build.0 = Debug|Any CPU
		{A57BB826-0517-4290-A4DA-2382772B3087}.Release|Any CPU.ActiveCfg = Release|Any CPU
		{A57BB826-0517-4290-A4DA-2382772B3087}.Release|Any CPU.Build.0 = Release|Any CPU
	EndGlobalSection
	GlobalSection(SolutionProperties) = preSolution
		HideSolutionNode = FALSE
	EndGlobalSection
	GlobalSection(ExtensibilityGlobals) = postSolution
		SolutionGuid = {B75776B4-F6CC-45D2-9F5E-8D86F8C4C267}
	EndGlobalSection
EndGlobal
